
Microsoft Visual Studio Solution File, Format Version 12.00
# Visual Studio Express 2012 for Windows Desktop
Project("{F184B08F-C81C-45F6-A57F-5ABD9991F28F}") = "WKRK Project", "WKRK Project\WKRK Project.vbproj", "{123D8EA4-47FC-427E-B655-B52A8673186A}"
EndProject
Global
	GlobalSection(SolutionConfigurationPlatforms) = preSolution
		Debug|Any CPU = Debug|Any CPU
		Release|Any CPU = Release|Any CPU
	EndGlobalSection
	GlobalSection(ProjectConfigurationPlatforms) = postSolution
		{123D8EA4-47FC-427E-B655-B52A8673186A}.Debug|Any CPU.ActiveCfg = Debug|Any CPU
		{123D8EA4-47FC-427E-B655-B52A8673186A}.Debug|Any CPU.Build.0 = Debug|Any CPU
		{123D8EA4-47FC-427E-B655-B52A8673186A}.Release|Any CPU.ActiveCfg = Release|Any CPU
		{123D8EA4-47FC-427E-B655-B52A8673186A}.Release|Any CPU.Build.0 = Release|Any CPU
	EndGlobalSection
	GlobalSection(SolutionProperties) = preSolution
		HideSolutionNode = FALSE
	EndGlobalSection
EndGlobal
